dependencies:
- name: streamlit
  repository: file://../streamlit
  version: 1.0.0
- name: predict
  repository: file://../predict
  version: 1.0.0
- name: train
  repository: file://../train
  version: 1.0.0
- name: mongodb
  repository: https://charts.helm.sh/stable
  version: 7.8.10
digest: sha256:cae73fd1c7cd848be9bf6792f116e5f4d8eef84f589778e240f97fdcbc37d159
generated: "2024-07-19T18:20:19.629853+03:00"
